
Microsoft Visual Studio Solution File, Format Version 12.00
# Visual Studio Version 17
VisualStudioVersion = 17.3.32901.215
MinimumVisualStudioVersion = 10.0.40219.1
Project("{FAE04EC0-301F-11D3-BF4B-00C04F79EFBC}") = "CompanyBrandManager", "CompanyBrandManager.csproj", "{F366E667-9D5B-4346-99BD-B7373730BBB7}"
EndProject
Global
	GlobalSection(SolutionConfigurationPlatforms) = preSolution
		Debug|Any CPU = Debug|Any CPU
		Release|Any CPU = Release|Any CPU
	EndGlobalSection
	GlobalSection(ProjectConfigurationPlatforms) = postSolution
		{F366E667-9D5B-4346-99BD-B7373730BBB7}.Debug|Any CPU.ActiveCfg = Debug|Any CPU
		{F366E667-9D5B-4346-99BD-B7373730BBB7}.Debug|Any CPU.Build.0 = Debug|Any CPU
		{F366E667-9D5B-4346-99BD-B7373730BBB7}.Release|Any CPU.ActiveCfg = Release|Any CPU
		{F366E667-9D5B-4346-99BD-B7373730BBB7}.Release|Any CPU.Build.0 = Release|Any CPU
	EndGlobalSection
	GlobalSection(SolutionProperties) = preSolution
		HideSolutionNode = FALSE
	EndGlobalSection
	GlobalSection(ExtensibilityGlobals) = postSolution
		SolutionGuid = {1B242B06-EFED-4E2D-AF6C-4A891E7C25E0}
	EndGlobalSection
EndGlobal
