
Microsoft Visual Studio Solution File, Format Version 12.00
# Visual Studio Version 17
VisualStudioVersion = 17.3.32901.215
MinimumVisualStudioVersion = 10.0.40219.1
Project("{FAE04EC0-301F-11D3-BF4B-00C04F79EFBC}") = "CompanyBrandManager", "CompanyBrandManager.csproj", "{DE4F6E6F-A19E-4B60-81D8-F088DBEB3997}"
EndProject
Global
	GlobalSection(SolutionConfigurationPlatforms) = preSolution
		Debug|Any CPU = Debug|Any CPU
		Release|Any CPU = Release|Any CPU
	EndGlobalSection
	GlobalSection(ProjectConfigurationPlatforms) = postSolution
		{DE4F6E6F-A19E-4B60-81D8-F088DBEB3997}.Debug|Any CPU.ActiveCfg = Debug|Any CPU
		{DE4F6E6F-A19E-4B60-81D8-F088DBEB3997}.Debug|Any CPU.Build.0 = Debug|Any CPU
		{DE4F6E6F-A19E-4B60-81D8-F088DBEB3997}.Release|Any CPU.ActiveCfg = Release|Any CPU
		{DE4F6E6F-A19E-4B60-81D8-F088DBEB3997}.Release|Any CPU.Build.0 = Release|Any CPU
	EndGlobalSection
	GlobalSection(SolutionProperties) = preSolution
		HideSolutionNode = FALSE
	EndGlobalSection
	GlobalSection(ExtensibilityGlobals) = postSolution
		SolutionGuid = {748B90F1-702C-422B-B44B-E0722B952035}
	EndGlobalSection
EndGlobal
